{
  "name": "sale-suit-be",
  "version": "1.0.0",
  "lockfileVersion": 3,
  "requires": true,
  "packages": {
    "": {
      "name": "sale-suit-be",
      "version": "1.0.0",
      "license": "ISC",
      "dependencies": {
        "bcryptjs": "^3.0.3",
        "cookie-parser": "^1.4.7",
        "cors": "^2.8.6",
        "dotenv": "^17.3.1",
        "express": "^5.2.1",
        "jsonwebtoken": "^9.0.3",
        "pg": "^8.11.3",
        "pg-hstore": "^2.3.4",
        "sequelize": "^6.37.8"
      },
      "devDependencies": {
        "nodemon": "^3.1.14"
      }
    },
    "node_modules/pg": {
      "version": "8.11.3",
      "resolved": "https://registry.npmjs.org/pg/-/pg-8.11.3.tgz",
      "integrity": "sha512-+9iuvG8XcDSvMcyMccaunlRE99Dn00gQ5iK6uY0T23m0URefIqonW7L7fSifqf50f4VatFmWXYgeUv2OqPeyvA==",
      "license": "MIT",
      "dependencies": {
        "buffer-writer": "2.0.0",
        "packet-reader": "1.0.0",
        "pg-connection-string": "^2.6.2",
        "pg-pool": "^3.6.1",
        "pg-protocol": "^1.6.1",
        "pg-types": "^2.1.0",
        "pgpass": "1.0.5"
      },
      "engines": {
        "node": ">= 8.0.0"
      }
    },
    "node_modules/pg-hstore": {
      "version": "2.3.4",
      "resolved": "https://registry.npmjs.org/pg-hstore/-/pg-hstore-2.3.4.tgz",
      "integrity": "sha512-46w0K0LpsY9vY9yQf4Y2o138S/Z0M1Z7vD8Jm+S0m2SAsm6T8S9W5pXp7CqS6YF7SjO3tW0fK6Q=="
    },
    "node_modules/pg-connection-string": {
      "version": "2.6.2",
      "resolved": "https://registry.npmjs.org/pg-connection-string/-/pg-connection-string-2.6.2.tgz",
      "integrity": "sha512-ch6OwaqbMijze8gH2X3D5CAnHdfSjZ90K27pC97Y9l96zLp5nL9+K6r9y0mG2Z/A1V8U9t8W9iU/p6V9=="
    }
  }
}
